
Microsoft Visual Studio Solution File, Format Version 12.00
# Visual Studio 15
VisualStudioVersion = 15.0.28307.645
MinimumVisualStudioVersion = 10.0.40219.1
Project("{FAE04EC0-301F-11D3-BF4B-00C04F79EFBC}") = "parametrosConsola", "parametrosConsola\parametrosConsola.csproj", "{DED18EA6-0FEE-4FE3-B7E7-7F9430A7D5AE}"
EndProject
Global
	GlobalSection(SolutionConfigurationPlatforms) = preSolution
		Debug|Any CPU = Debug|Any CPU
		Release|Any CPU = Release|Any CPU
	EndGlobalSection
	GlobalSection(ProjectConfigurationPlatforms) = postSolution
		{DED18EA6-0FEE-4FE3-B7E7-7F9430A7D5AE}.Debug|Any CPU.ActiveCfg = Debug|Any CPU
		{DED18EA6-0FEE-4FE3-B7E7-7F9430A7D5AE}.Debug|Any CPU.Build.0 = Debug|Any CPU
		{DED18EA6-0FEE-4FE3-B7E7-7F9430A7D5AE}.Release|Any CPU.ActiveCfg = Release|Any CPU
		{DED18EA6-0FEE-4FE3-B7E7-7F9430A7D5AE}.Release|Any CPU.Build.0 = Release|Any CPU
	EndGlobalSection
	GlobalSection(SolutionProperties) = preSolution
		HideSolutionNode = FALSE
	EndGlobalSection
	GlobalSection(ExtensibilityGlobals) = postSolution
		SolutionGuid = {38D0E81E-2189-4275-A307-F126D7F0DAD4}
	EndGlobalSection
EndGlobal
